
Microsoft Visual Studio Solution File, Format Version 12.00
# Visual Studio Version 16
VisualStudioVersion = 16.0.31613.86
MinimumVisualStudioVersion = 10.0.40219.1
Project("{FAE04EC0-301F-11D3-BF4B-00C04F79EFBC}") = "EccobankRecolector.Android", "EccobankRecolector.Android\EccobankRecolector.Android.csproj", "{8E334A9B-5AD6-49D3-89E5-B37FD7E373D0}"
EndProject
Project("{FAE04EC0-301F-11D3-BF4B-00C04F79EFBC}") = "EccobankRecolector.iOS", "EccobankRecolector.iOS\EccobankRecolector.iOS.csproj", "{C74099DC-6AFD-41D5-A4F9-012E423A9445}"
EndProject
Project("{FAE04EC0-301F-11D3-BF4B-00C04F79EFBC}") = "EccobankRecolector", "EccobankRecolector\EccobankRecolector.csproj", "{27447C1B-FFAA-4C79-9758-26041DF81FBF}"
EndProject
Global
	GlobalSection(SolutionConfigurationPlatforms) = preSolution
		Debug|Any CPU = Debug|Any CPU
		Debug|iPhone = Debug|iPhone
		Debug|iPhoneSimulator = Debug|iPhoneSimulator
		Release|Any CPU = Release|Any CPU
		Release|iPhone = Release|iPhone
		Release|iPhoneSimulator = Release|iPhoneSimulator
	EndGlobalSection
	GlobalSection(ProjectConfigurationPlatforms) = postSolution
		{8E334A9B-5AD6-49D3-89E5-B37FD7E373D0}.Debug|Any CPU.ActiveCfg = Debug|Any CPU
		{8E334A9B-5AD6-49D3-89E5-B37FD7E373D0}.Debug|Any CPU.Build.0 = Debug|Any CPU
		{8E334A9B-5AD6-49D3-89E5-B37FD7E373D0}.Debug|Any CPU.Deploy.0 = Debug|Any CPU
		{8E334A9B-5AD6-49D3-89E5-B37FD7E373D0}.Debug|iPhone.ActiveCfg = Debug|Any CPU
		{8E334A9B-5AD6-49D3-89E5-B37FD7E373D0}.Debug|iPhone.Build.0 = Debug|Any CPU
		{8E334A9B-5AD6-49D3-89E5-B37FD7E373D0}.Debug|iPhone.Deploy.0 = Debug|Any CPU
		{8E334A9B-5AD6-49D3-89E5-B37FD7E373D0}.Debug|iPhoneSimulator.ActiveCfg = Debug|Any CPU
		{8E334A9B-5AD6-49D3-89E5-B37FD7E373D0}.Debug|iPhoneSimulator.Build.0 = Debug|Any CPU
		{8E334A9B-5AD6-49D3-89E5-B37FD7E373D0}.Debug|iPhoneSimulator.Deploy.0 = Debug|Any CPU
		{8E334A9B-5AD6-49D3-89E5-B37FD7E373D0}.Release|Any CPU.ActiveCfg = Release|Any CPU
		{8E334A9B-5AD6-49D3-89E5-B37FD7E373D0}.Release|Any CPU.Build.0 = Release|Any CPU
		{8E334A9B-5AD6-49D3-89E5-B37FD7E373D0}.Release|Any CPU.Deploy.0 = Release|Any CPU
		{8E334A9B-5AD6-49D3-89E5-B37FD7E373D0}.Release|iPhone.ActiveCfg = Release|Any CPU
		{8E334A9B-5AD6-49D3-89E5-B37FD7E373D0}.Release|iPhone.Build.0 = Release|Any CPU
		{8E334A9B-5AD6-49D3-89E5-B37FD7E373D0}.Release|iPhone.Deploy.0 = Release|Any CPU
		{8E334A9B-5AD6-49D3-89E5-B37FD7E373D0}.Release|iPhoneSimulator.ActiveCfg = Release|Any CPU
		{8E334A9B-5AD6-49D3-89E5-B37FD7E373D0}.Release|iPhoneSimulator.Build.0 = Release|Any CPU
		{8E334A9B-5AD6-49D3-89E5-B37FD7E373D0}.Release|iPhoneSimulator.Deploy.0 = Release|Any CPU
		{C74099DC-6AFD-41D5-A4F9-012E423A9445}.Debug|Any CPU.ActiveCfg = Debug|iPhone
		{C74099DC-6AFD-41D5-A4F9-012E423A9445}.Debug|Any CPU.Build.0 = Debug|iPhone
		{C74099DC-6AFD-41D5-A4F9-012E423A9445}.Debug|Any CPU.Deploy.0 = Debug|iPhone
		{C74099DC-6AFD-41D5-A4F9-012E423A9445}.Debug|iPhone.ActiveCfg = Debug|iPhone
		{C74099DC-6AFD-41D5-A4F9-012E423A9445}.Debug|iPhone.Build.0 = Debug|iPhone
		{C74099DC-6AFD-41D5-A4F9-012E423A9445}.Debug|iPhone.Deploy.0 = Debug|iPhone
		{C74099DC-6AFD-41D5-A4F9-012E423A9445}.Debug|iPhoneSimulator.ActiveCfg = Debug|iPhoneSimulator
		{C74099DC-6AFD-41D5-A4F9-012E423A9445}.Debug|iPhoneSimulator.Build.0 = Debug|iPhoneSimulator
		{C74099DC-6AFD-41D5-A4F9-012E423A9445}.Debug|iPhoneSimulator.Deploy.0 = Debug|iPhoneSimulator
		{C74099DC-6AFD-41D5-A4F9-012E423A9445}.Release|Any CPU.ActiveCfg = Release|iPhoneSimulator
		{C74099DC-6AFD-41D5-A4F9-012E423A9445}.Release|Any CPU.Build.0 = Release|iPhoneSimulator
		{C74099DC-6AFD-41D5-A4F9-012E423A9445}.Release|Any CPU.Deploy.0 = Release|iPhoneSimulator
		{C74099DC-6AFD-41D5-A4F9-012E423A9445}.Release|iPhone.ActiveCfg = Release|iPhone
		{C74099DC-6AFD-41D5-A4F9-012E423A9445}.Release|iPhone.Build.0 = Release|iPhone
		{C74099DC-6AFD-41D5-A4F9-012E423A9445}.Release|iPhone.Deploy.0 = Release|iPhone
		{C74099DC-6AFD-41D5-A4F9-012E423A9445}.Release|iPhoneSimulator.ActiveCfg = Release|iPhoneSimulator
		{C74099DC-6AFD-41D5-A4F9-012E423A9445}.Release|iPhoneSimulator.Build.0 = Release|iPhoneSimulator
		{C74099DC-6AFD-41D5-A4F9-012E423A9445}.Release|iPhoneSimulator.Deploy.0 = Release|iPhoneSimulator
		{27447C1B-FFAA-4C79-9758-26041DF81FBF}.Debug|Any CPU.ActiveCfg = Debug|Any CPU
		{27447C1B-FFAA-4C79-9758-26041DF81FBF}.Debug|Any CPU.Build.0 = Debug|Any CPU
		{27447C1B-FFAA-4C79-9758-26041DF81FBF}.Debug|Any CPU.Deploy.0 = Debug|Any CPU
		{27447C1B-FFAA-4C79-9758-26041DF81FBF}.Debug|iPhone.ActiveCfg = Debug|Any CPU
		{27447C1B-FFAA-4C79-9758-26041DF81FBF}.Debug|iPhone.Build.0 = Debug|Any CPU
		{27447C1B-FFAA-4C79-9758-26041DF81FBF}.Debug|iPhone.Deploy.0 = Debug|Any CPU
		{27447C1B-FFAA-4C79-9758-26041DF81FBF}.Debug|iPhoneSimulator.ActiveCfg = Debug|Any CPU
		{27447C1B-FFAA-4C79-9758-26041DF81FBF}.Debug|iPhoneSimulator.Build.0 = Debug|Any CPU
		{27447C1B-FFAA-4C79-9758-26041DF81FBF}.Debug|iPhoneSimulator.Deploy.0 = Debug|Any CPU
		{27447C1B-FFAA-4C79-9758-26041DF81FBF}.Release|Any CPU.ActiveCfg = Release|Any CPU
		{27447C1B-FFAA-4C79-9758-26041DF81FBF}.Release|Any CPU.Build.0 = Release|Any CPU
		{27447C1B-FFAA-4C79-9758-26041DF81FBF}.Release|Any CPU.Deploy.0 = Release|Any CPU
		{27447C1B-FFAA-4C79-9758-26041DF81FBF}.Release|iPhone.ActiveCfg = Release|Any CPU
		{27447C1B-FFAA-4C79-9758-26041DF81FBF}.Release|iPhone.Build.0 = Release|Any CPU
		{27447C1B-FFAA-4C79-9758-26041DF81FBF}.Release|iPhone.Deploy.0 = Release|Any CPU
		{27447C1B-FFAA-4C79-9758-26041DF81FBF}.Release|iPhoneSimulator.ActiveCfg = Release|Any CPU
		{27447C1B-FFAA-4C79-9758-26041DF81FBF}.Release|iPhoneSimulator.Build.0 = Release|Any CPU
		{27447C1B-FFAA-4C79-9758-26041DF81FBF}.Release|iPhoneSimulator.Deploy.0 = Release|Any CPU
	EndGlobalSection
	GlobalSection(SolutionProperties) = preSolution
		HideSolutionNode = FALSE
	EndGlobalSection
	GlobalSection(ExtensibilityGlobals) = postSolution
		SolutionGuid = {1E572944-04DB-45F7-B58D-6A10008D83E7}
	EndGlobalSection
EndGlobal
